<?xml version="1.0" encoding="utf-8"?>
<Project ToolsVersion="4.0" xmlns="http://schemas.microsoft.com/developer/msbuild/2003">
  <ItemGroup>
    <ClCompile Include="src\xll\BinaryProtocol.cpp">
      <Filter>Source Files</Filter>
    </ClCompile>
    <ClCompile Include="src\common\Dictionary.cpp">
      <Filter>Source Files</Filter>
    </ClCompile>
    <ClCompile Include="src\xll\HttpProtocol.cpp">
      <Filter>Source Files</Filter>
    </ClCompile>
    <ClCompile Include="src\common\INI.cpp">
      <Filter>Source Files</Filter>
    </ClCompile>
    <ClCompile Include="src\xll\JSONCodec.cpp">
      <Filter>Source Files</Filter>
    </ClCompile>
    <ClCompile Include="src\common\Runtime.cpp">
      <Filter>Source Files</Filter>
    </ClCompile>
    <ClCompile Include="src\xll\SheetGenerator.cpp">
      <Filter>Source Files</Filter>
    </ClCompile>
    <ClCompile Include="src\xll\Timeout.cpp">
      <Filter>Source Files</Filter>
    </ClCompile>
    <ClCompile Include="src\xll\XLCodec.cpp">
      <Filter>Source Files</Filter>
    </ClCompile>
    <ClCompile Include="src\XLLoop.cpp">
      <Filter>Source Files</Filter>
    </ClCompile>
    <ClCompile Include="src\xll\XLUtil.cpp">
      <Filter>Source Files</Filter>
    </ClCompile>
    <ClCompile Include="src\common\Log.cpp">
      <Filter>Source Files</Filter>
    </ClCompile>
  </ItemGroup>
  <ItemGroup>
    <ClInclude Include="src\xll\BinaryProtocol.h">
      <Filter>Header Files</Filter>
    </ClInclude>
    <ClInclude Include="src\common\Dictionary.h">
      <Filter>Header Files</Filter>
    </ClInclude>
    <ClInclude Include="src\xll\HttpProtocol.h">
      <Filter>Header Files</Filter>
    </ClInclude>
    <ClInclude Include="src\common\INI.h">
      <Filter>Header Files</Filter>
    </ClInclude>
    <ClInclude Include="src\xll\JSONCodec.h">
      <Filter>Header Files</Filter>
    </ClInclude>
    <ClInclude Include="src\common\Log.h">
      <Filter>Header Files</Filter>
    </ClInclude>
    <ClInclude Include="src\xll\SheetGenerator.h">
      <Filter>Header Files</Filter>
    </ClInclude>
    <ClInclude Include="src\common\Runtime.h">
      <Filter>Header Files</Filter>
    </ClInclude>
    <ClInclude Include="src\xll\Timeout.h">
      <Filter>Header Files</Filter>
    </ClInclude>
    <ClInclude Include="src\xll\xlcall.h">
      <Filter>Header Files</Filter>
    </ClInclude>
    <ClInclude Include="src\xll\XLCodec.h">
      <Filter>Header Files</Filter>
    </ClInclude>
    <ClInclude Include="src\xll\XLUtil.h">
      <Filter>Header Files</Filter>
    </ClInclude>
  </ItemGroup>
  <ItemGroup>
    <Filter Include="Source Files">
      <UniqueIdentifier>{33d0e307-3b54-4102-9993-cb06b362686c}</UniqueIdentifier>
    </Filter>
    <Filter Include="Header Files">
      <UniqueIdentifier>{f01b8e4c-7a97-4df0-ba43-ca3a7842a805}</UniqueIdentifier>
    </Filter>
    <Filter Include="Resource Files">
      <UniqueIdentifier>{91fb5c12-f39b-4bef-9cb6-722c9df9fe4d}</UniqueIdentifier>
    </Filter>
  </ItemGroup>
  <ItemGroup>
    <None Include="src\XLLoop.def">
      <Filter>Resource Files</Filter>
    </None>
  </ItemGroup>
  <ItemGroup>
    <ResourceCompile Include="src\XLLoop.rc">
      <Filter>Resource Files</Filter>
    </ResourceCompile>
  </ItemGroup>
</Project>